// !$*UTF8*$!
{
	archiveVersion = 1;
	classes = {
	};
	objectVersion = 55;
	objects = {

/* Begin PBXBuildFile section */
		5287E2B627DBEBF500249E50 /* Tests_iOS.swift in Sources */ = {isa = PBXBuildFile; fileRef = 5287E2B527DBEBF500249E50 /* Tests_iOS.swift */; };
		5287E2B827DBEBF500249E50 /* Tests_iOSLaunchTests.swift in Sources */ = {isa = PBXBuildFile; fileRef = 5287E2B727DBEBF500249E50 /* Tests_iOSLaunchTests.swift */; };
		5287E2C227DBEBF500249E50 /* Tests_macOS.swift in Sources */ = {isa = PBXBuildFile; fileRef = 5287E2C127DBEBF500249E50 /* Tests_macOS.swift */; };
		5287E2C427DBEBF500249E50 /* Tests_macOSLaunchTests.swift in Sources */ = {isa = PBXBuildFile; fileRef = 5287E2C327DBEBF500249E50 /* Tests_macOSLaunchTests.swift */; };
		5287E2C527DBEBF500249E50 /* CharlyApp.swift in Sources */ = {isa = PBXBuildFile; fileRef = 5287E29D27DBEBF400249E50 /* CharlyApp.swift */; };
		5287E2C627DBEBF500249E50 /* CharlyApp.swift in Sources */ = {isa = PBXBuildFile; fileRef = 5287E29D27DBEBF400249E50 /* CharlyApp.swift */; };
		5287E2C727DBEBF500249E50 /* ContentView.swift in Sources */ = {isa = PBXBuildFile; fileRef = 5287E29E27DBEBF400249E50 /* ContentView.swift */; };
		5287E2C827DBEBF500249E50 /* ContentView.swift in Sources */ = {isa = PBXBuildFile; fileRef = 5287E29E27DBEBF400249E50 /* ContentView.swift */; };
		5287E2C927DBEBF500249E50 /* Assets.xcassets in Resources */ = {isa = PBXBuildFile; fileRef = 5287E29F27DBEBF500249E50 /* Assets.xcassets */; };
		5287E2CA27DBEBF500249E50 /* Assets.xcassets in Resources */ = {isa = PBXBuildFile; fileRef = 5287E29F27DBEBF500249E50 /* Assets.xcassets */; };
		5287E2DB27DBECC600249E50 /* NSCharacterSet+characters.swift in Sources */ = {isa = PBXBuildFile; fileRef = 5287E2DA27DBECC600249E50 /* NSCharacterSet+characters.swift */; };
		5287E2DC27DBECCC00249E50 /* NSCharacterSet+characters.swift in Sources */ = {isa = PBXBuildFile; fileRef = 5287E2DA27DBECC600249E50 /* NSCharacterSet+characters.swift */; };
		5287E2DE27DBED0000249E50 /* UIFont+characterSet.swift in Sources */ = {isa = PBXBuildFile; fileRef = 5287E2DD27DBED0000249E50 /* UIFont+characterSet.swift */; };
		5287E2DF27DBED0000249E50 /* UIFont+characterSet.swift in Sources */ = {isa = PBXBuildFile; fileRef = 5287E2DD27DBED0000249E50 /* UIFont+characterSet.swift */; };
/* End PBXBuildFile section */

/* Begin PBXContainerItemProxy section */
		5287E2B227DBEBF500249E50 /* PBXContainerItemProxy */ = {
			isa = PBXContainerItemProxy;
			containerPortal = 5287E29827DBEBF400249E50 /* Project object */;
			proxyType = 1;
			remoteGlobalIDString = 5287E2A327DBEBF500249E50;
			remoteInfo = "Charly (iOS)";
		};
		5287E2BE27DBEBF500249E50 /* PBXContainerItemProxy */ = {
			isa = PBXContainerItemProxy;
			containerPortal = 5287E29827DBEBF400249E50 /* Project object */;
			proxyType = 1;
			remoteGlobalIDString = 5287E2A927DBEBF500249E50;
			remoteInfo = "Charly (macOS)";
		};
/* End PBXContainerItemProxy section */

/* Begin PBXFileReference section */
		5287E29D27DBEBF400249E50 /* CharlyApp.swift */ = {isa = PBXFileReference; lastKnownFileType = sourcecode.swift; path = CharlyApp.swift; sourceTree = "<group>"; };
		5287E29E27DBEBF400249E50 /* ContentView.swift */ = {isa = PBXFileReference; lastKnownFileType = sourcecode.swift; path = ContentView.swift; sourceTree = "<group>"; };
		5287E29F27DBEBF500249E50 /* Assets.xcassets */ = {isa = PBXFileReference; lastKnownFileType = folder.assetcatalog; path = Assets.xcassets; sourceTree = "<group>"; };
		5287E2A427DBEBF500249E50 /* Charly.app */ = {isa = PBXFileReference; explicitFileType = wrapper.application; includeInIndex = 0; path = Charly.app; sourceTree = BUILT_PRODUCTS_DIR; };
		5287E2AA27DBEBF500249E50 /* Charly.app */ = {isa = PBXFileReference; explicitFileType = wrapper.application; includeInIndex = 0; path = Charly.app; sourceTree = BUILT_PRODUCTS_DIR; };
		5287E2AC27DBEBF500249E50 /* macOS.entitlements */ = {isa = PBXFileReference; lastKnownFileType = text.plist.entitlements; path = macOS.entitlements; sourceTree = "<group>"; };
		5287E2B127DBEBF500249E50 /* Tests iOS.xctest */ = {isa = PBXFileReference; explicitFileType = wrapper.cfbundle; includeInIndex = 0; path = "Tests iOS.xctest"; sourceTree = BUILT_PRODUCTS_DIR; };
		5287E2B527DBEBF500249E50 /* Tests_iOS.swift */ = {isa = PBXFileReference; lastKnownFileType = sourcecode.swift; path = Tests_iOS.swift; sourceTree = "<group>"; };
		5287E2B727DBEBF500249E50 /* Tests_iOSLaunchTests.swift */ = {isa = PBXFileReference; lastKnownFileType = sourcecode.swift; path = Tests_iOSLaunchTests.swift; sourceTree = "<group>"; };
		5287E2BD27DBEBF500249E50 /* Tests macOS.xctest */ = {isa = PBXFileReference; explicitFileType = wrapper.cfbundle; includeInIndex = 0; path = "Tests macOS.xctest"; sourceTree = BUILT_PRODUCTS_DIR; };
		5287E2C127DBEBF500249E50 /* Tests_macOS.swift */ = {isa = PBXFileReference; lastKnownFileType = sourcecode.swift; path = Tests_macOS.swift; sourceTree = "<group>"; };
		5287E2C327DBEBF500249E50 /* Tests_macOSLaunchTests.swift */ = {isa = PBXFileReference; lastKnownFileType = sourcecode.swift; path = Tests_macOSLaunchTests.swift; sourceTree = "<group>"; };
		5287E2DA27DBECC600249E50 /* NSCharacterSet+characters.swift */ = {isa = PBXFileReference; lastKnownFileType = sourcecode.swift; path = "NSCharacterSet+characters.swift"; sourceTree = "<group>"; };
		5287E2DD27DBED0000249E50 /* UIFont+characterSet.swift */ = {isa = PBXFileReference; lastKnownFileType = sourcecode.swift; path = "UIFont+characterSet.swift"; sourceTree = "<group>"; };
/* End PBXFileReference section */

/* Begin PBXFrameworksBuildPhase section */
		5287E2A127DBEBF500249E50 /* Frameworks */ = {
			isa = PBXFrameworksBuildPhase;
			buildActionMask = 2147483647;
			files = (
			);
			runOnlyForDeploymentPostprocessing = 0;
		};
		5287E2A727DBEBF500249E50 /* Frameworks */ = {
			isa = PBXFrameworksBuildPhase;
			buildActionMask = 2147483647;
			files = (
			);
			runOnlyForDeploymentPostprocessing = 0;
		};
		5287E2AE27DBEBF500249E50 /* Frameworks */ = {
			isa = PBXFrameworksBuildPhase;
			buildActionMask = 2147483647;
			files = (
			);
			runOnlyForDeploymentPostprocessing = 0;
		};
		5287E2BA27DBEBF500249E50 /* Frameworks */ = {
			isa = PBXFrameworksBuildPhase;
			buildActionMask = 2147483647;
			files = (
			);
			runOnlyForDeploymentPostprocessing = 0;
		};
/* End PBXFrameworksBuildPhase section */

/* Begin PBXGroup section */
		5287E29727DBEBF400249E50 = {
			isa = PBXGroup;
			children = (
				5287E29C27DBEBF400249E50 /* Shared */,
				5287E2AB27DBEBF500249E50 /* macOS */,
				5287E2B427DBEBF500249E50 /* Tests iOS */,
				5287E2C027DBEBF500249E50 /* Tests macOS */,
				5287E2A527DBEBF500249E50 /* Products */,
			);
			sourceTree = "<group>";
		};
		5287E29C27DBEBF400249E50 /* Shared */ = {
			isa = PBXGroup;
			children = (
				5287E29D27DBEBF400249E50 /* CharlyApp.swift */,
				5287E2D927DBECAC00249E50 /* Extensions */,
				5287E29E27DBEBF400249E50 /* ContentView.swift */,
				5287E29F27DBEBF500249E50 /* Assets.xcassets */,
			);
			path = Shared;
			sourceTree = "<group>";
		};
		5287E2A527DBEBF500249E50 /* Products */ = {
			isa = PBXGroup;
			children = (
				5287E2A427DBEBF500249E50 /* Charly.app */,
				5287E2AA27DBEBF500249E50 /* Charly.app */,
				5287E2B127DBEBF500249E50 /* Tests iOS.xctest */,
				5287E2BD27DBEBF500249E50 /* Tests macOS.xctest */,
			);
			name = Products;
			sourceTree = "<group>";
		};
		5287E2AB27DBEBF500249E50 /* macOS */ = {
			isa = PBXGroup;
			children = (
				5287E2AC27DBEBF500249E50 /* macOS.entitlements */,
			);
			path = macOS;
			sourceTree = "<group>";
		};
		5287E2B427DBEBF500249E50 /* Tests iOS */ = {
			isa = PBXGroup;
			children = (
				5287E2B527DBEBF500249E50 /* Tests_iOS.swift */,
				5287E2B727DBEBF500249E50 /* Tests_iOSLaunchTests.swift */,
			);
			path = "Tests iOS";
			sourceTree = "<group>";
		};
		5287E2C027DBEBF500249E50 /* Tests macOS */ = {
			isa = PBXGroup;
			children = (
				5287E2C127DBEBF500249E50 /* Tests_macOS.swift */,
				5287E2C327DBEBF500249E50 /* Tests_macOSLaunchTests.swift */,
			);
			path = "Tests macOS";
			sourceTree = "<group>";
		};
		5287E2D927DBECAC00249E50 /* Extensions */ = {
			isa = PBXGroup;
			children = (
				5287E2DA27DBECC600249E50 /* NSCharacterSet+characters.swift */,
				5287E2DD27DBED0000249E50 /* UIFont+characterSet.swift */,
			);
			path = Extensions;
			sourceTree = "<group>";
		};
/* End PBXGroup section */

/* Begin PBXNativeTarget section */
		5287E2A327DBEBF500249E50 /* Charly (iOS) */ = {
			isa = PBXNativeTarget;
			buildConfigurationList = 5287E2CD27DBEBF500249E50 /* Build configuration list for PBXNativeTarget "Charly (iOS)" */;
			buildPhases = (
				5287E2A027DBEBF500249E50 /* Sources */,
				5287E2A127DBEBF500249E50 /* Frameworks */,
				5287E2A227DBEBF500249E50 /* Resources */,
			);
			buildRules = (
			);
			dependencies = (
			);
			name = "Charly (iOS)";
			productName = "Charly (iOS)";
			productReference = 5287E2A427DBEBF500249E50 /* Charly.app */;
			productType = "com.apple.product-type.application";
		};
		5287E2A927DBEBF500249E50 /* Charly (macOS) */ = {
			isa = PBXNativeTarget;
			buildConfigurationList = 5287E2D027DBEBF500249E50 /* Build configuration list for PBXNativeTarget "Charly (macOS)" */;
			buildPhases = (
				5287E2A627DBEBF500249E50 /* Sources */,
				5287E2A727DBEBF500249E50 /* Frameworks */,
				5287E2A827DBEBF500249E50 /* Resources */,
			);
			buildRules = (
			);
			dependencies = (
			);
			name = "Charly (macOS)";
			productName = "Charly (macOS)";
			productReference = 5287E2AA27DBEBF500249E50 /* Charly.app */;
			productType = "com.apple.product-type.application";
		};
		5287E2B027DBEBF500249E50 /* Tests iOS */ = {
			isa = PBXNativeTarget;
			buildConfigurationList = 5287E2D327DBEBF500249E50 /* Build configuration list for PBXNativeTarget "Tests iOS" */;
			buildPhases = (
				5287E2AD27DBEBF500249E50 /* Sources */,
				5287E2AE27DBEBF500249E50 /* Frameworks */,
				5287E2AF27DBEBF500249E50 /* Resources */,
			);
			buildRules = (
			);
			dependencies = (
				5287E2B327DBEBF500249E50 /* PBXTargetDependency */,
			);
			name = "Tests iOS";
			productName = "Tests iOS";
			productReference = 5287E2B127DBEBF500249E50 /* Tests iOS.xctest */;
			productType = "com.apple.product-type.bundle.ui-testing";
		};
		5287E2BC27DBEBF500249E50 /* Tests macOS */ = {
			isa = PBXNativeTarget;
			buildConfigurationList = 5287E2D627DBEBF500249E50 /* Build configuration list for PBXNativeTarget "Tests macOS" */;
			buildPhases = (
				5287E2B927DBEBF500249E50 /* Sources */,
				5287E2BA27DBEBF500249E50 /* Frameworks */,
				5287E2BB27DBEBF500249E50 /* Resources */,
			);
			buildRules = (
			);
			dependencies = (
				5287E2BF27DBEBF500249E50 /* PBXTargetDependency */,
			);
			name = "Tests macOS";
			productName = "Tests macOS";
			productReference = 5287E2BD27DBEBF500249E50 /* Tests macOS.xctest */;
			productType = "com.apple.product-type.bundle.ui-testing";
		};
/* End PBXNativeTarget section */

/* Begin PBXProject section */
		5287E29827DBEBF400249E50 /* Project object */ = {
			isa = PBXProject;
			attributes = {
				BuildIndependentTargetsInParallel = 1;
				LastSwiftUpdateCheck = 1320;
				LastUpgradeCheck = 1320;
				TargetAttributes = {
					5287E2A327DBEBF500249E50 = {
						CreatedOnToolsVersion = 13.2.1;
					};
					5287E2A927DBEBF500249E50 = {
						CreatedOnToolsVersion = 13.2.1;
					};
					5287E2B027DBEBF500249E50 = {
						CreatedOnToolsVersion = 13.2.1;
						TestTargetID = 5287E2A327DBEBF500249E50;
					};
					5287E2BC27DBEBF500249E50 = {
						CreatedOnToolsVersion = 13.2.1;
						TestTargetID = 5287E2A927DBEBF500249E50;
					};
				};
			};
			buildConfigurationList = 5287E29B27DBEBF400249E50 /* Build configuration list for PBXProject "Charly" */;
			compatibilityVersion = "Xcode 13.0";
			developmentRegion = en;
			hasScannedForEncodings = 0;
			knownRegions = (
				en,
				Base,
			);
			mainGroup = 5287E29727DBEBF400249E50;
			productRefGroup = 5287E2A527DBEBF500249E50 /* Products */;
			projectDirPath = "";
			projectRoot = "";
			targets = (
				5287E2A327DBEBF500249E50 /* Charly (iOS) */,
				5287E2A927DBEBF500249E50 /* Charly (macOS) */,
				5287E2B027DBEBF500249E50 /* Tests iOS */,
				5287E2BC27DBEBF500249E50 /* Tests macOS */,
			);
		};
/* End PBXProject section */

/* Begin PBXResourcesBuildPhase section */
		5287E2A227DBEBF500249E50 /* Resources */ = {
			isa = PBXResourcesBuildPhase;
			buildActionMask = 2147483647;
			files = (
				5287E2C927DBEBF500249E50 /* Assets.xcassets in Resources */,
			);
			runOnlyForDeploymentPostprocessing = 0;
		};
		5287E2A827DBEBF500249E50 /* Resources */ = {
			isa = PBXResourcesBuildPhase;
			buildActionMask = 2147483647;
			files = (
				5287E2CA27DBEBF500249E50 /* Assets.xcassets in Resources */,
			);
			runOnlyForDeploymentPostprocessing = 0;
		};
		5287E2AF27DBEBF500249E50 /* Resources */ = {
			isa = PBXResourcesBuildPhase;
			buildActionMask = 2147483647;
			files = (
			);
			runOnlyForDeploymentPostprocessing = 0;
		};
		5287E2BB27DBEBF500249E50 /* Resources */ = {
			isa = PBXResourcesBuildPhase;
			buildActionMask = 2147483647;
			files = (
			);
			runOnlyForDeploymentPostprocessing = 0;
		};
/* End PBXResourcesBuildPhase section */

/* Begin PBXSourcesBuildPhase section */
		5287E2A027DBEBF500249E50 /* Sources */ = {
			isa = PBXSourcesBuildPhase;
			buildActionMask = 2147483647;
			files = (
				5287E2C727DBEBF500249E50 /* ContentView.swift in Sources */,
				5287E2DE27DBED0000249E50 /* UIFont+characterSet.swift in Sources */,
				5287E2C527DBEBF500249E50 /* CharlyApp.swift in Sources */,
				5287E2DB27DBECC600249E50 /* NSCharacterSet+characters.swift in Sources */,
			);
			runOnlyForDeploymentPostprocessing = 0;
		};
		5287E2A627DBEBF500249E50 /* Sources */ = {
			isa = PBXSourcesBuildPhase;
			buildActionMask = 2147483647;
			files = (
				5287E2C827DBEBF500249E50 /* ContentView.swift in Sources */,
				5287E2DF27DBED0000249E50 /* UIFont+characterSet.swift in Sources */,
				5287E2C627DBEBF500249E50 /* CharlyApp.swift in Sources */,
				5287E2DC27DBECCC00249E50 /* NSCharacterSet+characters.swift in Sources */,
			);
			runOnlyForDeploymentPostprocessing = 0;
		};
		5287E2AD27DBEBF500249E50 /* Sources */ = {
			isa = PBXSourcesBuildPhase;
			buildActionMask = 2147483647;
			files = (
				5287E2B827DBEBF500249E50 /* Tests_iOSLaunchTests.swift in Sources */,
				5287E2B627DBEBF500249E50 /* Tests_iOS.swift in Sources */,
			);
			runOnlyForDeploymentPostprocessing = 0;
		};
		5287E2B927DBEBF500249E50 /* Sources */ = {
			isa = PBXSourcesBuildPhase;
			buildActionMask = 2147483647;
			files = (
				5287E2C427DBEBF500249E50 /* Tests_macOSLaunchTests.swift in Sources */,
				5287E2C227DBEBF500249E50 /* Tests_macOS.swift in Sources */,
			);
			runOnlyForDeploymentPostprocessing = 0;
		};
/* End PBXSourcesBuildPhase section */

/* Begin PBXTargetDependency section */
		5287E2B327DBEBF500249E50 /* PBXTargetDependency */ = {
			isa = PBXTargetDependency;
			target = 5287E2A327DBEBF500249E50 /* Charly (iOS) */;
			targetProxy = 5287E2B227DBEBF500249E50 /* PBXContainerItemProxy */;
		};
		5287E2BF27DBEBF500249E50 /* PBXTargetDependency */ = {
			isa = PBXTargetDependency;
			target = 5287E2A927DBEBF500249E50 /* Charly (macOS) */;
			targetProxy = 5287E2BE27DBEBF500249E50 /* PBXContainerItemProxy */;
		};
/* End PBXTargetDependency section */

/* Begin XCBuildConfiguration section */
		5287E2CB27DBEBF500249E50 /* Debug */ = {
			isa = XCBuildConfiguration;
			buildSettings = {
				ALWAYS_SEARCH_USER_PATHS = NO;
				CLANG_ANALYZER_NONNULL = YES;
				CLANG_ANALYZER_NUMBER_OBJECT_CONVERSION = YES_AGGRESSIVE;
				CLANG_CXX_LANGUAGE_STANDARD = "gnu++17";
				CLANG_CXX_LIBRARY = "libc++";
				CLANG_ENABLE_MODULES = YES;
				CLANG_ENABLE_OBJC_ARC = YES;
				CLANG_ENABLE_OBJC_WEAK = YES;
				CLANG_WARN_BLOCK_CAPTURE_AUTORELEASING = YES;
				CLANG_WARN_BOOL_CONVERSION = YES;
				CLANG_WARN_COMMA = YES;
				CLANG_WARN_CONSTANT_CONVERSION = YES;
				CLANG_WARN_DEPRECATED_OBJC_IMPLEMENTATIONS = YES;
				CLANG_WARN_DIRECT_OBJC_ISA_USAGE = YES_ERROR;
				CLANG_WARN_DOCUMENTATION_COMMENTS = YES;
				CLANG_WARN_EMPTY_BODY = YES;
				CLANG_WARN_ENUM_CONVERSION = YES;
				CLANG_WARN_INFINITE_RECURSION = YES;
				CLANG_WARN_INT_CONVERSION = YES;
				CLANG_WARN_NON_LITERAL_NULL_CONVERSION = YES;
				CLANG_WARN_OBJC_IMPLICIT_RETAIN_SELF = YES;
				CLANG_WARN_OBJC_LITERAL_CONVERSION = YES;
				CLANG_WARN_OBJC_ROOT_CLASS = YES_ERROR;
				CLANG_WARN_QUOTED_INCLUDE_IN_FRAMEWORK_HEADER = YES;
				CLANG_WARN_RANGE_LOOP_ANALYSIS = YES;
				CLANG_WARN_STRICT_PROTOTYPES = YES;
				CLANG_WARN_SUSPICIOUS_MOVE = YES;
				CLANG_WARN_UNGUARDED_AVAILABILITY = YES_AGGRESSIVE;
				CLANG_WARN_UNREACHABLE_CODE = YES;
				CLANG_WARN__DUPLICATE_METHOD_MATCH = YES;
				COPY_PHASE_STRIP = NO;
				DEBUG_INFORMATION_FORMAT = dwarf;
				ENABLE_STRICT_OBJC_MSGSEND = YES;
				ENABLE_TESTABILITY = YES;
				GCC_C_LANGUAGE_STANDARD = gnu11;
				GCC_DYNAMIC_NO_PIC = NO;
				GCC_NO_COMMON_BLOCKS = YES;
				GCC_OPTIMIZATION_LEVEL = 0;
				GCC_PREPROCESSOR_DEFINITIONS = (
					"DEBUG=1",
					"$(inherited)",
				);
				GCC_WARN_64_TO_32_BIT_CONVERSION = YES;
				GCC_WARN_ABOUT_RETURN_TYPE = YES_ERROR;
				GCC_WARN_UNDECLARED_SELECTOR = YES;
				GCC_WARN_UNINITIALIZED_AUTOS = YES_AGGRESSIVE;
				GCC_WARN_UNUSED_FUNCTION = YES;
				GCC_WARN_UNUSED_VARIABLE = YES;
				MTL_ENABLE_DEBUG_INFO = INCLUDE_SOURCE;
				MTL_FAST_MATH = YES;
				ONLY_ACTIVE_ARCH = YES;
				SWIFT_ACTIVE_COMPILATION_CONDITIONS = DEBUG;
				SWIFT_OPTIMIZATION_LEVEL = "-Onone";
			};
			name = Debug;
		};
		5287E2CC27DBEBF500249E50 /* Release */ = {
			isa = XCBuildConfiguration;
			buildSettings = {
				ALWAYS_SEARCH_USER_PATHS = NO;
				CLANG_ANALYZER_NONNULL = YES;
				CLANG_ANALYZER_NUMBER_OBJECT_CONVERSION = YES_AGGRESSIVE;
				CLANG_CXX_LANGUAGE_STANDARD = "gnu++17";
				CLANG_CXX_LIBRARY = "libc++";
				CLANG_ENABLE_MODULES = YES;
				CLANG_ENABLE_OBJC_ARC = YES;
				CLANG_ENABLE_OBJC_WEAK = YES;
				CLANG_WARN_BLOCK_CAPTURE_AUTORELEASING = YES;
				CLANG_WARN_BOOL_CONVERSION = YES;
				CLANG_WARN_COMMA = YES;
				CLANG_WARN_CONSTANT_CONVERSION = YES;
				CLANG_WARN_DEPRECATED_OBJC_IMPLEMENTATIONS = YES;
				CLANG_WARN_DIRECT_OBJC_ISA_USAGE = YES_ERROR;
				CLANG_WARN_DOCUMENTATION_COMMENTS = YES;
				CLANG_WARN_EMPTY_BODY = YES;
				CLANG_WARN_ENUM_CONVERSION = YES;
				CLANG_WARN_INFINITE_RECURSION = YES;
				CLANG_WARN_INT_CONVERSION = YES;
				CLANG_WARN_NON_LITERAL_NULL_CONVERSION = YES;
				CLANG_WARN_OBJC_IMPLICIT_RETAIN_SELF = YES;
				CLANG_WARN_OBJC_LITERAL_CONVERSION = YES;
				CLANG_WARN_OBJC_ROOT_CLASS = YES_ERROR;
				CLANG_WARN_QUOTED_INCLUDE_IN_FRAMEWORK_HEADER = YES;
				CLANG_WARN_RANGE_LOOP_ANALYSIS = YES;
				CLANG_WARN_STRICT_PROTOTYPES = YES;
				CLANG_WARN_SUSPICIOUS_MOVE = YES;
				CLANG_WARN_UNGUARDED_AVAILABILITY = YES_AGGRESSIVE;
				CLANG_WARN_UNREACHABLE_CODE = YES;
				CLANG_WARN__DUPLICATE_METHOD_MATCH = YES;
				COPY_PHASE_STRIP = NO;
				DEBUG_INFORMATION_FORMAT = "dwarf-with-dsym";
				ENABLE_NS_ASSERTIONS = NO;
				ENABLE_STRICT_OBJC_MSGSEND = YES;
				GCC_C_LANGUAGE_STANDARD = gnu11;
				GCC_NO_COMMON_BLOCKS = YES;
				GCC_WARN_64_TO_32_BIT_CONVERSION = YES;
				GCC_WARN_ABOUT_RETURN_TYPE = YES_ERROR;
				GCC_WARN_UNDECLARED_SELECTOR = YES;
				GCC_WARN_UNINITIALIZED_AUTOS = YES_AGGRESSIVE;
				GCC_WARN_UNUSED_FUNCTION = YES;
				GCC_WARN_UNUSED_VARIABLE = YES;
				MTL_ENABLE_DEBUG_INFO = NO;
				MTL_FAST_MATH = YES;
				SWIFT_COMPILATION_MODE = wholemodule;
				SWIFT_OPTIMIZATION_LEVEL = "-O";
			};
			name = Release;
		};
		5287E2CE27DBEBF500249E50 /* Debug */ = {
			isa = XCBuildConfiguration;
			buildSettings = {
				ASSETCATALOG_COMPILER_APPICON_NAME = AppIcon;
				ASSETCATALOG_COMPILER_GLOBAL_ACCENT_COLOR_NAME = AccentColor;
				CODE_SIGN_STYLE = Automatic;
				CURRENT_PROJECT_VERSION = 1;
				DEVELOPMENT_TEAM = WRJ8J85K4Q;
				ENABLE_PREVIEWS = YES;
				GENERATE_INFOPLIST_FILE = YES;
				INFOPLIST_KEY_UIApplicationSceneManifest_Generation = YES;
				INFOPLIST_KEY_UIApplicationSupportsIndirectInputEvents = YES;
				INFOPLIST_KEY_UILaunchScreen_Generation = YES;
				INFOPLIST_KEY_UISupportedInterfaceOrientations_iPad = "UIInterfaceOrientationPortrait UIInterfaceOrientationPortraitUpsideDown UIInterfaceOrientationLandscapeLeft UIInterfaceOrientationLandscapeRight";
				INFOPLIST_KEY_UISupportedInterfaceOrientations_iPhone = "UIInterfaceOrientationPortrait UIInterfaceOrientationLandscapeLeft UIInterfaceOrientationLandscapeRight";
				IPHONEOS_DEPLOYMENT_TARGET = 15.2;
				LD_RUNPATH_SEARCH_PATHS = (
					"$(inherited)",
					"@executable_path/Frameworks",
				);
				MARKETING_VERSION = 1.0;
				PRODUCT_BUNDLE_IDENTIFIER = com.codedbydan.Charly;
				PRODUCT_NAME = Charly;
				SDKROOT = iphoneos;
				SWIFT_EMIT_LOC_STRINGS = YES;
				SWIFT_VERSION = 5.0;
				TARGETED_DEVICE_FAMILY = "1,2";
			};
			name = Debug;
		};
		5287E2CF27DBEBF500249E50 /* Release */ = {
			isa = XCBuildConfiguration;
			buildSettings = {
				ASSETCATALOG_COMPILER_APPICON_NAME = AppIcon;
				ASSETCATALOG_COMPILER_GLOBAL_ACCENT_COLOR_NAME = AccentColor;
				CODE_SIGN_STYLE = Automatic;
				CURRENT_PROJECT_VERSION = 1;
				DEVELOPMENT_TEAM = WRJ8J85K4Q;
				ENABLE_PREVIEWS = YES;
				GENERATE_INFOPLIST_FILE = YES;
				INFOPLIST_KEY_UIApplicationSceneManifest_Generation = YES;
				INFOPLIST_KEY_UIApplicationSupportsIndirectInputEvents = YES;
				INFOPLIST_KEY_UILaunchScreen_Generation = YES;
				INFOPLIST_KEY_UISupportedInterfaceOrientations_iPad = "UIInterfaceOrientationPortrait UIInterfaceOrientationPortraitUpsideDown UIInterfaceOrientationLandscapeLeft UIInterfaceOrientationLandscapeRight";
				INFOPLIST_KEY_UISupportedInterfaceOrientations_iPhone = "UIInterfaceOrientationPortrait UIInterfaceOrientationLandscapeLeft UIInterfaceOrientationLandscapeRight";
				IPHONEOS_DEPLOYMENT_TARGET = 15.2;
				LD_RUNPATH_SEARCH_PATHS = (
					"$(inherited)",
					"@executable_path/Frameworks",
				);
				MARKETING_VERSION = 1.0;
				PRODUCT_BUNDLE_IDENTIFIER = com.codedbydan.Charly;
				PRODUCT_NAME = Charly;
				SDKROOT = iphoneos;
				SWIFT_EMIT_LOC_STRINGS = YES;
				SWIFT_VERSION = 5.0;
				TARGETED_DEVICE_FAMILY = "1,2";
				VALIDATE_PRODUCT = YES;
			};
			name = Release;
		};
		5287E2D127DBEBF500249E50 /* Debug */ = {
			isa = XCBuildConfiguration;
			buildSettings = {
				ASSETCATALOG_COMPILER_APPICON_NAME = AppIcon;
				ASSETCATALOG_COMPILER_GLOBAL_ACCENT_COLOR_NAME = AccentColor;
				CODE_SIGN_ENTITLEMENTS = macOS/macOS.entitlements;
				CODE_SIGN_STYLE = Automatic;
				COMBINE_HIDPI_IMAGES = YES;
				CURRENT_PROJECT_VERSION = 1;
				DEVELOPMENT_TEAM = WRJ8J85K4Q;
				ENABLE_HARDENED_RUNTIME = YES;
				ENABLE_PREVIEWS = YES;
				GENERATE_INFOPLIST_FILE = YES;
				INFOPLIST_KEY_NSHumanReadableCopyright = "";
				LD_RUNPATH_SEARCH_PATHS = (
					"$(inherited)",
					"@executable_path/../Frameworks",
				);
				MACOSX_DEPLOYMENT_TARGET = 12.1;
				MARKETING_VERSION = 1.0;
				PRODUCT_BUNDLE_IDENTIFIER = com.codedbydan.Charly;
				PRODUCT_NAME = Charly;
				SDKROOT = macosx;
				SWIFT_EMIT_LOC_STRINGS = YES;
				SWIFT_VERSION = 5.0;
			};
			name = Debug;
		};
		5287E2D227DBEBF500249E50 /* Release */ = {
			isa = XCBuildConfiguration;
			buildSettings = {
				ASSETCATALOG_COMPILER_APPICON_NAME = AppIcon;
				ASSETCATALOG_COMPILER_GLOBAL_ACCENT_COLOR_NAME = AccentColor;
				CODE_SIGN_ENTITLEMENTS = macOS/macOS.entitlements;
				CODE_SIGN_STYLE = Automatic;
				COMBINE_HIDPI_IMAGES = YES;
				CURRENT_PROJECT_VERSION = 1;
				DEVELOPMENT_TEAM = WRJ8J85K4Q;
				ENABLE_HARDENED_RUNTIME = YES;
				ENABLE_PREVIEWS = YES;
				GENERATE_INFOPLIST_FILE = YES;
				INFOPLIST_KEY_NSHumanReadableCopyright = "";
				LD_RUNPATH_SEARCH_PATHS = (
					"$(inherited)",
					"@executable_path/../Frameworks",
				);
				MACOSX_DEPLOYMENT_TARGET = 12.1;
				MARKETING_VERSION = 1.0;
				PRODUCT_BUNDLE_IDENTIFIER = com.codedbydan.Charly;
				PRODUCT_NAME = Charly;
				SDKROOT = macosx;
				SWIFT_EMIT_LOC_STRINGS = YES;
				SWIFT_VERSION = 5.0;
			};
			name = Release;
		};
		5287E2D427DBEBF500249E50 /* Debug */ = {
			isa = XCBuildConfiguration;
			buildSettings = {
				ALWAYS_EMBED_SWIFT_STANDARD_LIBRARIES = YES;
				CODE_SIGN_STYLE = Automatic;
				CURRENT_PROJECT_VERSION = 1;
				DEVELOPMENT_TEAM = WRJ8J85K4Q;
				GENERATE_INFOPLIST_FILE = YES;
				IPHONEOS_DEPLOYMENT_TARGET = 15.2;
				MARKETING_VERSION = 1.0;
				PRODUCT_BUNDLE_IDENTIFIER = "com.codedbydan.Tests-iOS";
				PRODUCT_NAME = "$(TARGET_NAME)";
				SDKROOT = iphoneos;
				SWIFT_EMIT_LOC_STRINGS = NO;
				SWIFT_VERSION = 5.0;
				TARGETED_DEVICE_FAMILY = "1,2";
				TEST_TARGET_NAME = "Charly (iOS)";
			};
			name = Debug;
		};
		5287E2D527DBEBF500249E50 /* Release */ = {
			isa = XCBuildConfiguration;
			buildSettings = {
				ALWAYS_EMBED_SWIFT_STANDARD_LIBRARIES = YES;
				CODE_SIGN_STYLE = Automatic;
				CURRENT_PROJECT_VERSION = 1;
				DEVELOPMENT_TEAM = WRJ8J85K4Q;
				GENERATE_INFOPLIST_FILE = YES;
				IPHONEOS_DEPLOYMENT_TARGET = 15.2;
				MARKETING_VERSION = 1.0;
				PRODUCT_BUNDLE_IDENTIFIER = "com.codedbydan.Tests-iOS";
				PRODUCT_NAME = "$(TARGET_NAME)";
				SDKROOT = iphoneos;
				SWIFT_EMIT_LOC_STRINGS = NO;
				SWIFT_VERSION = 5.0;
				TARGETED_DEVICE_FAMILY = "1,2";
				TEST_TARGET_NAME = "Charly (iOS)";
				VALIDATE_PRODUCT = YES;
			};
			name = Release;
		};
		5287E2D727DBEBF500249E50 /* Debug */ = {
			isa = XCBuildConfiguration;
			buildSettings = {
				ALWAYS_EMBED_SWIFT_STANDARD_LIBRARIES = YES;
				CODE_SIGN_STYLE = Automatic;
				CURRENT_PROJECT_VERSION = 1;
				DEVELOPMENT_TEAM = WRJ8J85K4Q;
				GENERATE_INFOPLIST_FILE = YES;
				MACOSX_DEPLOYMENT_TARGET = 12.1;
				MARKETING_VERSION = 1.0;
				PRODUCT_BUNDLE_IDENTIFIER = "com.codedbydan.Tests-macOS";
				PRODUCT_NAME = "$(TARGET_NAME)";
				SDKROOT = macosx;
				SWIFT_EMIT_LOC_STRINGS = NO;
				SWIFT_VERSION = 5.0;
				TEST_TARGET_NAME = "Charly (macOS)";
			};
			name = Debug;
		};
		5287E2D827DBEBF500249E50 /* Release */ = {
			isa = XCBuildConfiguration;
			buildSettings = {
				ALWAYS_EMBED_SWIFT_STANDARD_LIBRARIES = YES;
				CODE_SIGN_STYLE = Automatic;
				CURRENT_PROJECT_VERSION = 1;
				DEVELOPMENT_TEAM = WRJ8J85K4Q;
				GENERATE_INFOPLIST_FILE = YES;
				MACOSX_DEPLOYMENT_TARGET = 12.1;
				MARKETING_VERSION = 1.0;
				PRODUCT_BUNDLE_IDENTIFIER = "com.codedbydan.Tests-macOS";
				PRODUCT_NAME = "$(TARGET_NAME)";
				SDKROOT = macosx;
				SWIFT_EMIT_LOC_STRINGS = NO;
				SWIFT_VERSION = 5.0;
				TEST_TARGET_NAME = "Charly (macOS)";
			};
			name = Release;
		};
/* End XCBuildConfiguration section */

/* Begin XCConfigurationList section */
		5287E29B27DBEBF400249E50 /* Build configuration list for PBXProject "Charly" */ = {
			isa = XCConfigurationList;
			buildConfigurations = (
				5287E2CB27DBEBF500249E50 /* Debug */,
				5287E2CC27DBEBF500249E50 /* Release */,
			);
			defaultConfigurationIsVisible = 0;
			defaultConfigurationName = Release;
		};
		5287E2CD27DBEBF500249E50 /* Build configuration list for PBXNativeTarget "Charly (iOS)" */ = {
			isa = XCConfigurationList;
			buildConfigurations = (
				5287E2CE27DBEBF500249E50 /* Debug */,
				5287E2CF27DBEBF500249E50 /* Release */,
			);
			defaultConfigurationIsVisible = 0;
			defaultConfigurationName = Release;
		};
		5287E2D027DBEBF500249E50 /* Build configuration list for PBXNativeTarget "Charly (macOS)" */ = {
			isa = XCConfigurationList;
			buildConfigurations = (
				5287E2D127DBEBF500249E50 /* Debug */,
				5287E2D227DBEBF500249E50 /* Release */,
			);
			defaultConfigurationIsVisible = 0;
			defaultConfigurationName = Release;
		};
		5287E2D327DBEBF500249E50 /* Build configuration list for PBXNativeTarget "Tests iOS" */ = {
			isa = XCConfigurationList;
			buildConfigurations = (
				5287E2D427DBEBF500249E50 /* Debug */,
				5287E2D527DBEBF500249E50 /* Release */,
			);
			defaultConfigurationIsVisible = 0;
			defaultConfigurationName = Release;
		};
		5287E2D627DBEBF500249E50 /* Build configuration list for PBXNativeTarget "Tests macOS" */ = {
			isa = XCConfigurationList;
			buildConfigurations = (
				5287E2D727DBEBF500249E50 /* Debug */,
				5287E2D827DBEBF500249E50 /* Release */,
			);
			defaultConfigurationIsVisible = 0;
			defaultConfigurationName = Release;
		};
/* End XCConfigurationList section */
	};
	rootObject = 5287E29827DBEBF400249E50 /* Project object */;
}
